// !$*UTF8*$!
{
	archiveVersion = 1;
	classes = {
	};
	objectVersion = 51;
	objects = {

/* Begin PBXBuildFile section */
		9491A2BBDCD842D506E394C9 /* Pods_testCollectionKit.framework in Frameworks */ = {isa = PBXBuildFile; fileRef = A903F022BF9C71B972F26BB5 /* Pods_testCollectionKit.framework */; };
		D616112B25E3305E00A7CB3D /* AppDelegate.swift in Sources */ = {isa = PBXBuildFile; fileRef = D616112A25E3305E00A7CB3D /* AppDelegate.swift */; };
		D616112D25E3305E00A7CB3D /* SceneDelegate.swift in Sources */ = {isa = PBXBuildFile; fileRef = D616112C25E3305E00A7CB3D /* SceneDelegate.swift */; };
		D616112F25E3305E00A7CB3D /* ViewController.swift in Sources */ = {isa = PBXBuildFile; fileRef = D616112E25E3305E00A7CB3D /* ViewController.swift */; };
		D616113225E3305E00A7CB3D /* Main.storyboard in Resources */ = {isa = PBXBuildFile; fileRef = D616113025E3305E00A7CB3D /* Main.storyboard */; };
		D616113425E3305E00A7CB3D /* Assets.xcassets in Resources */ = {isa = PBXBuildFile; fileRef = D616113325E3305E00A7CB3D /* Assets.xcassets */; };
		D616113725E3305E00A7CB3D /* LaunchScreen.storyboard in Resources */ = {isa = PBXBuildFile; fileRef = D616113525E3305E00A7CB3D /* LaunchScreen.storyboard */; };
		D6A8774A25E362B500F463E7 /* HorizontalGalleryViewController.swift in Sources */ = {isa = PBXBuildFile; fileRef = D616116625E361BF00A7CB3D /* HorizontalGalleryViewController.swift */; };
		D6A8774C25E362DF00F463E7 /* ExampleView.swift in Sources */ = {isa = PBXBuildFile; fileRef = D616115D25E3618600A7CB3D /* ExampleView.swift */; };
		D6A8774E25E362ED00F463E7 /* Random.swift in Sources */ = {isa = PBXBuildFile; fileRef = D616115C25E3618600A7CB3D /* Random.swift */; };
		D6A8774F25E362ED00F463E7 /* TestData.swift in Sources */ = {isa = PBXBuildFile; fileRef = D616115E25E3618600A7CB3D /* TestData.swift */; };
		D6A8775025E362ED00F463E7 /* LabelProvider.swift in Sources */ = {isa = PBXBuildFile; fileRef = D616115F25E3618600A7CB3D /* LabelProvider.swift */; };
		D6A8775125E362ED00F463E7 /* DynamicView.swift in Sources */ = {isa = PBXBuildFile; fileRef = D616116025E3618600A7CB3D /* DynamicView.swift */; };
		D6A8775225E362ED00F463E7 /* Util.swift in Sources */ = {isa = PBXBuildFile; fileRef = D616116125E3618600A7CB3D /* Util.swift */; };
		D6A8775325E362ED00F463E7 /* CollectionViewController.swift in Sources */ = {isa = PBXBuildFile; fileRef = D616116225E3618600A7CB3D /* CollectionViewController.swift */; };
		D6A8775425E362ED00F463E7 /* SquareView.swift in Sources */ = {isa = PBXBuildFile; fileRef = D616116325E3618600A7CB3D /* SquareView.swift */; };
		D6A8775825E3632100F463E7 /* Messages.swift in Sources */ = {isa = PBXBuildFile; fileRef = D6A8775725E3632100F463E7 /* Messages.swift */; };
		D6ACE14B25E36BFE00FCBD65 /* GridViewController.swift in Sources */ = {isa = PBXBuildFile; fileRef = D6A8775C25E3677400F463E7 /* GridViewController.swift */; };
		D6ACE15025E36C1200FCBD65 /* ArticleData.swift in Sources */ = {isa = PBXBuildFile; fileRef = D6A8776025E3679500F463E7 /* ArticleData.swift */; };
		D6ACE15125E36C1200FCBD65 /* ArticleView.swift in Sources */ = {isa = PBXBuildFile; fileRef = D6A8776125E3679500F463E7 /* ArticleView.swift */; };
		D6ACE15225E36C1200FCBD65 /* ArticleExampleViewController.swift in Sources */ = {isa = PBXBuildFile; fileRef = D6A8776225E3679500F463E7 /* ArticleExampleViewController.swift */; };
		D6ACE15425E36C1600FCBD65 /* ReloadDataViewController.swift in Sources */ = {isa = PBXBuildFile; fileRef = D6A8776425E367B100F463E7 /* ReloadDataViewController.swift */; };
		D6ACE15625E36C1800FCBD65 /* ReloadAnimationViewController.swift in Sources */ = {isa = PBXBuildFile; fileRef = D6A8776625E367C500F463E7 /* ReloadAnimationViewController.swift */; };
		D6ACE15825E36C1B00FCBD65 /* HeaderExampleViewController.swift in Sources */ = {isa = PBXBuildFile; fileRef = D6A8776825E367DF00F463E7 /* HeaderExampleViewController.swift */; };
		D6ACE15B25E36C2200FCBD65 /* MessagesViewController.swift in Sources */ = {isa = PBXBuildFile; fileRef = D6A8776B25E3681900F463E7 /* MessagesViewController.swift */; };
		D6ACE15C25E36C2200FCBD65 /* MessageCell.swift in Sources */ = {isa = PBXBuildFile; fileRef = D6A8776C25E3681900F463E7 /* MessageCell.swift */; };
		D6ACE15E25E36C2C00FCBD65 /* EdgeShrinkAnimator.swift in Sources */ = {isa = PBXBuildFile; fileRef = D6A8776E25E3682600F463E7 /* EdgeShrinkAnimator.swift */; };
		D6ACE15F25E36C2C00FCBD65 /* SelectionButton.swift in Sources */ = {isa = PBXBuildFile; fileRef = D6A8776F25E3682600F463E7 /* SelectionButton.swift */; };
		D6ACE16025E36C2C00FCBD65 /* AnimatorExampleViewController.swift in Sources */ = {isa = PBXBuildFile; fileRef = D6A8777025E3682600F463E7 /* AnimatorExampleViewController.swift */; };
		D6ACE16125E36C2C00FCBD65 /* ZoomAnimator.swift in Sources */ = {isa = PBXBuildFile; fileRef = D6A8777125E3682600F463E7 /* ZoomAnimator.swift */; };
/* End PBXBuildFile section */

/* Begin PBXFileReference section */
		2109C72DA563E23A7721C1F9 /* Pods-testCollectionKit.release.xcconfig */ = {isa = PBXFileReference; includeInIndex = 1; lastKnownFileType = text.xcconfig; name = "Pods-testCollectionKit.release.xcconfig"; path = "Target Support Files/Pods-testCollectionKit/Pods-testCollectionKit.release.xcconfig"; sourceTree = "<group>"; };
		A903F022BF9C71B972F26BB5 /* Pods_testCollectionKit.framework */ = {isa = PBXFileReference; explicitFileType = wrapper.framework; includeInIndex = 0; path = Pods_testCollectionKit.framework; sourceTree = BUILT_PRODUCTS_DIR; };
		C20EB73645316253A8C9EF88 /* Pods-testCollectionKit.debug.xcconfig */ = {isa = PBXFileReference; includeInIndex = 1; lastKnownFileType = text.xcconfig; name = "Pods-testCollectionKit.debug.xcconfig"; path = "Target Support Files/Pods-testCollectionKit/Pods-testCollectionKit.debug.xcconfig"; sourceTree = "<group>"; };
		D616112725E3305E00A7CB3D /* testCollectionKit.app */ = {isa = PBXFileReference; explicitFileType = wrapper.application; includeInIndex = 0; path = testCollectionKit.app; sourceTree = BUILT_PRODUCTS_DIR; };
		D616112A25E3305E00A7CB3D /* AppDelegate.swift */ = {isa = PBXFileReference; lastKnownFileType = sourcecode.swift; path = AppDelegate.swift; sourceTree = "<group>"; };
		D616112C25E3305E00A7CB3D /* SceneDelegate.swift */ = {isa = PBXFileReference; lastKnownFileType = sourcecode.swift; path = SceneDelegate.swift; sourceTree = "<group>"; };
		D616112E25E3305E00A7CB3D /* ViewController.swift */ = {isa = PBXFileReference; lastKnownFileType = sourcecode.swift; path = ViewController.swift; sourceTree = "<group>"; };
		D616113125E3305E00A7CB3D /* Base */ = {isa = PBXFileReference; lastKnownFileType = file.storyboard; name = Base; path = Base.lproj/Main.storyboard; sourceTree = "<group>"; };
		D616113325E3305E00A7CB3D /* Assets.xcassets */ = {isa = PBXFileReference; lastKnownFileType = folder.assetcatalog; path = Assets.xcassets; sourceTree = "<group>"; };
		D616113625E3305E00A7CB3D /* Base */ = {isa = PBXFileReference; lastKnownFileType = file.storyboard; name = Base; path = Base.lproj/LaunchScreen.storyboard; sourceTree = "<group>"; };
		D616113825E3305E00A7CB3D /* Info.plist */ = {isa = PBXFileReference; lastKnownFileType = text.plist.xml; path = Info.plist; sourceTree = "<group>"; };
		D616115C25E3618600A7CB3D /* Random.swift */ = {isa = PBXFileReference; lastKnownFileType = sourcecode.swift; path = Random.swift; sourceTree = "<group>"; };
		D616115D25E3618600A7CB3D /* ExampleView.swift */ = {isa = PBXFileReference; lastKnownFileType = sourcecode.swift; path = ExampleView.swift; sourceTree = "<group>"; };
		D616115E25E3618600A7CB3D /* TestData.swift */ = {isa = PBXFileReference; lastKnownFileType = sourcecode.swift; path = TestData.swift; sourceTree = "<group>"; };
		D616115F25E3618600A7CB3D /* LabelProvider.swift */ = {isa = PBXFileReference; lastKnownFileType = sourcecode.swift; path = LabelProvider.swift; sourceTree = "<group>"; };
		D616116025E3618600A7CB3D /* DynamicView.swift */ = {isa = PBXFileReference; lastKnownFileType = sourcecode.swift; path = DynamicView.swift; sourceTree = "<group>"; };
		D616116125E3618600A7CB3D /* Util.swift */ = {isa = PBXFileReference; lastKnownFileType = sourcecode.swift; path = Util.swift; sourceTree = "<group>"; };
		D616116225E3618600A7CB3D /* CollectionViewController.swift */ = {isa = PBXFileReference; lastKnownFileType = sourcecode.swift; path = CollectionViewController.swift; sourceTree = "<group>"; };
		D616116325E3618600A7CB3D /* SquareView.swift */ = {isa = PBXFileReference; lastKnownFileType = sourcecode.swift; path = SquareView.swift; sourceTree = "<group>"; };
		D616116625E361BF00A7CB3D /* HorizontalGalleryViewController.swift */ = {isa = PBXFileReference; lastKnownFileType = sourcecode.swift; path = HorizontalGalleryViewController.swift; sourceTree = "<group>"; };
		D6A8775725E3632100F463E7 /* Messages.swift */ = {isa = PBXFileReference; lastKnownFileType = sourcecode.swift; path = Messages.swift; sourceTree = "<group>"; };
		D6A8775C25E3677400F463E7 /* GridViewController.swift */ = {isa = PBXFileReference; lastKnownFileType = sourcecode.swift; path = GridViewController.swift; sourceTree = "<group>"; };
		D6A8776025E3679500F463E7 /* ArticleData.swift */ = {isa = PBXFileReference; lastKnownFileType = sourcecode.swift; path = ArticleData.swift; sourceTree = "<group>"; };
		D6A8776125E3679500F463E7 /* ArticleView.swift */ = {isa = PBXFileReference; lastKnownFileType = sourcecode.swift; path = ArticleView.swift; sourceTree = "<group>"; };
		D6A8776225E3679500F463E7 /* ArticleExampleViewController.swift */ = {isa = PBXFileReference; lastKnownFileType = sourcecode.swift; path = ArticleExampleViewController.swift; sourceTree = "<group>"; };
		D6A8776425E367B100F463E7 /* ReloadDataViewController.swift */ = {isa = PBXFileReference; lastKnownFileType = sourcecode.swift; path = ReloadDataViewController.swift; sourceTree = "<group>"; };
		D6A8776625E367C500F463E7 /* ReloadAnimationViewController.swift */ = {isa = PBXFileReference; lastKnownFileType = sourcecode.swift; path = ReloadAnimationViewController.swift; sourceTree = "<group>"; };
		D6A8776825E367DF00F463E7 /* HeaderExampleViewController.swift */ = {isa = PBXFileReference; lastKnownFileType = sourcecode.swift; path = HeaderExampleViewController.swift; sourceTree = "<group>"; };
		D6A8776B25E3681900F463E7 /* MessagesViewController.swift */ = {isa = PBXFileReference; lastKnownFileType = sourcecode.swift; path = MessagesViewController.swift; sourceTree = "<group>"; };
		D6A8776C25E3681900F463E7 /* MessageCell.swift */ = {isa = PBXFileReference; lastKnownFileType = sourcecode.swift; path = MessageCell.swift; sourceTree = "<group>"; };
		D6A8776E25E3682600F463E7 /* EdgeShrinkAnimator.swift */ = {isa = PBXFileReference; lastKnownFileType = sourcecode.swift; path = EdgeShrinkAnimator.swift; sourceTree = "<group>"; };
		D6A8776F25E3682600F463E7 /* SelectionButton.swift */ = {isa = PBXFileReference; lastKnownFileType = sourcecode.swift; path = SelectionButton.swift; sourceTree = "<group>"; };
		D6A8777025E3682600F463E7 /* AnimatorExampleViewController.swift */ = {isa = PBXFileReference; lastKnownFileType = sourcecode.swift; path = AnimatorExampleViewController.swift; sourceTree = "<group>"; };
		D6A8777125E3682600F463E7 /* ZoomAnimator.swift */ = {isa = PBXFileReference; lastKnownFileType = sourcecode.swift; path = ZoomAnimator.swift; sourceTree = "<group>"; };
/* End PBXFileReference section */

/* Begin PBXFrameworksBuildPhase section */
		D616112425E3305E00A7CB3D /* Frameworks */ = {
			isa = PBXFrameworksBuildPhase;
			buildActionMask = 2147483647;
			files = (
				9491A2BBDCD842D506E394C9 /* Pods_testCollectionKit.framework in Frameworks */,
			);
			runOnlyForDeploymentPostprocessing = 0;
		};
/* End PBXFrameworksBuildPhase section */

/* Begin PBXGroup section */
		5D1963DF8A7E58576D4A0410 /* Pods */ = {
			isa = PBXGroup;
			children = (
				C20EB73645316253A8C9EF88 /* Pods-testCollectionKit.debug.xcconfig */,
				2109C72DA563E23A7721C1F9 /* Pods-testCollectionKit.release.xcconfig */,
			);
			path = Pods;
			sourceTree = "<group>";
		};
		6F804A1B4B87CE27341A9E41 /* Frameworks */ = {
			isa = PBXGroup;
			children = (
				A903F022BF9C71B972F26BB5 /* Pods_testCollectionKit.framework */,
			);
			name = Frameworks;
			sourceTree = "<group>";
		};
		D616111E25E3305E00A7CB3D = {
			isa = PBXGroup;
			children = (
				D616112925E3305E00A7CB3D /* testCollectionKit */,
				D616112825E3305E00A7CB3D /* Products */,
				5D1963DF8A7E58576D4A0410 /* Pods */,
				6F804A1B4B87CE27341A9E41 /* Frameworks */,
			);
			sourceTree = "<group>";
		};
		D616112825E3305E00A7CB3D /* Products */ = {
			isa = PBXGroup;
			children = (
				D616112725E3305E00A7CB3D /* testCollectionKit.app */,
			);
			name = Products;
			sourceTree = "<group>";
		};
		D616112925E3305E00A7CB3D /* testCollectionKit */ = {
			isa = PBXGroup;
			children = (
				D616116525E361BF00A7CB3D /* 1.HorizontalGalleryExample */,
				D6A8775B25E3677400F463E7 /* 2.GridExample */,
				D6A8775F25E3679500F463E7 /* 3.ArticleExample */,
				D6A8776325E367B100F463E7 /* 4.ReloadDataExample */,
				D6A8776525E367C500F463E7 /* 5.ReloadAnimationExample */,
				D6A8776725E367DF00F463E7 /* 6.HeaderExample */,
				D6A8776925E3681900F463E7 /* 7.ChatExample (Advance) */,
				D6A8776D25E3682600F463E7 /* 8.AnimatorExample */,
				D616112A25E3305E00A7CB3D /* AppDelegate.swift */,
				D616113325E3305E00A7CB3D /* Assets.xcassets */,
				D616115B25E3618600A7CB3D /* BaseSupport */,
				D616113825E3305E00A7CB3D /* Info.plist */,
				D616113525E3305E00A7CB3D /* LaunchScreen.storyboard */,
				D616113025E3305E00A7CB3D /* Main.storyboard */,
				D616112C25E3305E00A7CB3D /* SceneDelegate.swift */,
				D616112E25E3305E00A7CB3D /* ViewController.swift */,
			);
			path = testCollectionKit;
			sourceTree = "<group>";
		};
		D616115B25E3618600A7CB3D /* BaseSupport */ = {
			isa = PBXGroup;
			children = (
				D6A8775725E3632100F463E7 /* Messages.swift */,
				D616115C25E3618600A7CB3D /* Random.swift */,
				D616115D25E3618600A7CB3D /* ExampleView.swift */,
				D616115E25E3618600A7CB3D /* TestData.swift */,
				D616115F25E3618600A7CB3D /* LabelProvider.swift */,
				D616116025E3618600A7CB3D /* DynamicView.swift */,
				D616116125E3618600A7CB3D /* Util.swift */,
				D616116225E3618600A7CB3D /* CollectionViewController.swift */,
				D616116325E3618600A7CB3D /* SquareView.swift */,
			);
			path = BaseSupport;
			sourceTree = "<group>";
		};
		D616116525E361BF00A7CB3D /* 1.HorizontalGalleryExample */ = {
			isa = PBXGroup;
			children = (
				D616116625E361BF00A7CB3D /* HorizontalGalleryViewController.swift */,
			);
			path = 1.HorizontalGalleryExample;
			sourceTree = "<group>";
		};
		D6A8775B25E3677400F463E7 /* 2.GridExample */ = {
			isa = PBXGroup;
			children = (
				D6A8775C25E3677400F463E7 /* GridViewController.swift */,
			);
			path = 2.GridExample;
			sourceTree = "<group>";
		};
		D6A8775F25E3679500F463E7 /* 3.ArticleExample */ = {
			isa = PBXGroup;
			children = (
				D6A8776025E3679500F463E7 /* ArticleData.swift */,
				D6A8776125E3679500F463E7 /* ArticleView.swift */,
				D6A8776225E3679500F463E7 /* ArticleExampleViewController.swift */,
			);
			path = 3.ArticleExample;
			sourceTree = "<group>";
		};
		D6A8776325E367B100F463E7 /* 4.ReloadDataExample */ = {
			isa = PBXGroup;
			children = (
				D6A8776425E367B100F463E7 /* ReloadDataViewController.swift */,
			);
			path = 4.ReloadDataExample;
			sourceTree = "<group>";
		};
		D6A8776525E367C500F463E7 /* 5.ReloadAnimationExample */ = {
			isa = PBXGroup;
			children = (
				D6A8776625E367C500F463E7 /* ReloadAnimationViewController.swift */,
			);
			path = 5.ReloadAnimationExample;
			sourceTree = "<group>";
		};
		D6A8776725E367DF00F463E7 /* 6.HeaderExample */ = {
			isa = PBXGroup;
			children = (
				D6A8776825E367DF00F463E7 /* HeaderExampleViewController.swift */,
			);
			path = 6.HeaderExample;
			sourceTree = "<group>";
		};
		D6A8776925E3681900F463E7 /* 7.ChatExample (Advance) */ = {
			isa = PBXGroup;
			children = (
				D6A8776B25E3681900F463E7 /* MessagesViewController.swift */,
				D6A8776C25E3681900F463E7 /* MessageCell.swift */,
			);
			path = "7.ChatExample (Advance)";
			sourceTree = "<group>";
		};
		D6A8776D25E3682600F463E7 /* 8.AnimatorExample */ = {
			isa = PBXGroup;
			children = (
				D6A8776E25E3682600F463E7 /* EdgeShrinkAnimator.swift */,
				D6A8776F25E3682600F463E7 /* SelectionButton.swift */,
				D6A8777025E3682600F463E7 /* AnimatorExampleViewController.swift */,
				D6A8777125E3682600F463E7 /* ZoomAnimator.swift */,
			);
			path = 8.AnimatorExample;
			sourceTree = "<group>";
		};
/* End PBXGroup section */

/* Begin PBXNativeTarget section */
		D616112625E3305E00A7CB3D /* testCollectionKit */ = {
			isa = PBXNativeTarget;
			buildConfigurationList = D616113B25E3305E00A7CB3D /* Build configuration list for PBXNativeTarget "testCollectionKit" */;
			buildPhases = (
				986BA528B9E43D50CECCBAD2 /* [CP] Check Pods Manifest.lock */,
				D616112325E3305E00A7CB3D /* Sources */,
				D616112425E3305E00A7CB3D /* Frameworks */,
				D616112525E3305E00A7CB3D /* Resources */,
				B01237EEC259BB519BB4E098 /* [CP] Embed Pods Frameworks */,
			);
			buildRules = (
			);
			dependencies = (
			);
			name = testCollectionKit;
			productName = testCollectionKit;
			productReference = D616112725E3305E00A7CB3D /* testCollectionKit.app */;
			productType = "com.apple.product-type.application";
		};
/* End PBXNativeTarget section */

/* Begin PBXProject section */
		D616111F25E3305E00A7CB3D /* Project object */ = {
			isa = PBXProject;
			attributes = {
				LastSwiftUpdateCheck = 1240;
				LastUpgradeCheck = 1240;
				TargetAttributes = {
					D616112625E3305E00A7CB3D = {
						CreatedOnToolsVersion = 12.4;
					};
				};
			};
			buildConfigurationList = D616112225E3305E00A7CB3D /* Build configuration list for PBXProject "testCollectionKit" */;
			compatibilityVersion = "Xcode 9.3";
			developmentRegion = en;
			hasScannedForEncodings = 0;
			knownRegions = (
				en,
				Base,
			);
			mainGroup = D616111E25E3305E00A7CB3D;
			productRefGroup = D616112825E3305E00A7CB3D /* Products */;
			projectDirPath = "";
			projectRoot = "";
			targets = (
				D616112625E3305E00A7CB3D /* testCollectionKit */,
			);
		};
/* End PBXProject section */

/* Begin PBXResourcesBuildPhase section */
		D616112525E3305E00A7CB3D /* Resources */ = {
			isa = PBXResourcesBuildPhase;
			buildActionMask = 2147483647;
			files = (
				D616113725E3305E00A7CB3D /* LaunchScreen.storyboard in Resources */,
				D616113425E3305E00A7CB3D /* Assets.xcassets in Resources */,
				D616113225E3305E00A7CB3D /* Main.storyboard in Resources */,
			);
			runOnlyForDeploymentPostprocessing = 0;
		};
/* End PBXResourcesBuildPhase section */

/* Begin PBXShellScriptBuildPhase section */
		986BA528B9E43D50CECCBAD2 /* [CP] Check Pods Manifest.lock */ = {
			isa = PBXShellScriptBuildPhase;
			buildActionMask = 2147483647;
			files = (
			);
			inputFileListPaths = (
			);
			inputPaths = (
				"${PODS_PODFILE_DIR_PATH}/Podfile.lock",
				"${PODS_ROOT}/Manifest.lock",
			);
			name = "[CP] Check Pods Manifest.lock";
			outputFileListPaths = (
			);
			outputPaths = (
				"$(DERIVED_FILE_DIR)/Pods-testCollectionKit-checkManifestLockResult.txt",
			);
			runOnlyForDeploymentPostprocessing = 0;
			shellPath = /bin/sh;
			shellScript = "diff \"${PODS_PODFILE_DIR_PATH}/Podfile.lock\" \"${PODS_ROOT}/Manifest.lock\" > /dev/null\nif [ $? != 0 ] ; then\n    # print error to STDERR\n    echo \"error: The sandbox is not in sync with the Podfile.lock. Run 'pod install' or update your CocoaPods installation.\" >&2\n    exit 1\nfi\n# This output is used by Xcode 'outputs' to avoid re-running this script phase.\necho \"SUCCESS\" > \"${SCRIPT_OUTPUT_FILE_0}\"\n";
			showEnvVarsInLog = 0;
		};
		B01237EEC259BB519BB4E098 /* [CP] Embed Pods Frameworks */ = {
			isa = PBXShellScriptBuildPhase;
			buildActionMask = 2147483647;
			files = (
			);
			inputFileListPaths = (
				"${PODS_ROOT}/Target Support Files/Pods-testCollectionKit/Pods-testCollectionKit-frameworks-${CONFIGURATION}-input-files.xcfilelist",
			);
			name = "[CP] Embed Pods Frameworks";
			outputFileListPaths = (
				"${PODS_ROOT}/Target Support Files/Pods-testCollectionKit/Pods-testCollectionKit-frameworks-${CONFIGURATION}-output-files.xcfilelist",
			);
			runOnlyForDeploymentPostprocessing = 0;
			shellPath = /bin/sh;
			shellScript = "\"${PODS_ROOT}/Target Support Files/Pods-testCollectionKit/Pods-testCollectionKit-frameworks.sh\"\n";
			showEnvVarsInLog = 0;
		};
/* End PBXShellScriptBuildPhase section */

/* Begin PBXSourcesBuildPhase section */
		D616112325E3305E00A7CB3D /* Sources */ = {
			isa = PBXSourcesBuildPhase;
			buildActionMask = 2147483647;
			files = (
				D6ACE15025E36C1200FCBD65 /* ArticleData.swift in Sources */,
				D6ACE15125E36C1200FCBD65 /* ArticleView.swift in Sources */,
				D6ACE15225E36C1200FCBD65 /* ArticleExampleViewController.swift in Sources */,
				D6ACE15425E36C1600FCBD65 /* ReloadDataViewController.swift in Sources */,
				D6A8774A25E362B500F463E7 /* HorizontalGalleryViewController.swift in Sources */,
				D6ACE15625E36C1800FCBD65 /* ReloadAnimationViewController.swift in Sources */,
				D6ACE14B25E36BFE00FCBD65 /* GridViewController.swift in Sources */,
				D6A8774E25E362ED00F463E7 /* Random.swift in Sources */,
				D6ACE15B25E36C2200FCBD65 /* MessagesViewController.swift in Sources */,
				D6ACE15C25E36C2200FCBD65 /* MessageCell.swift in Sources */,
				D6ACE15825E36C1B00FCBD65 /* HeaderExampleViewController.swift in Sources */,
				D6ACE15E25E36C2C00FCBD65 /* EdgeShrinkAnimator.swift in Sources */,
				D6ACE15F25E36C2C00FCBD65 /* SelectionButton.swift in Sources */,
				D6ACE16025E36C2C00FCBD65 /* AnimatorExampleViewController.swift in Sources */,
				D6ACE16125E36C2C00FCBD65 /* ZoomAnimator.swift in Sources */,
				D6A8774C25E362DF00F463E7 /* ExampleView.swift in Sources */,
				D6A8774F25E362ED00F463E7 /* TestData.swift in Sources */,
				D616112F25E3305E00A7CB3D /* ViewController.swift in Sources */,
				D6A8775025E362ED00F463E7 /* LabelProvider.swift in Sources */,
				D6A8775825E3632100F463E7 /* Messages.swift in Sources */,
				D6A8775125E362ED00F463E7 /* DynamicView.swift in Sources */,
				D6A8775225E362ED00F463E7 /* Util.swift in Sources */,
				D6A8775325E362ED00F463E7 /* CollectionViewController.swift in Sources */,
				D6A8775425E362ED00F463E7 /* SquareView.swift in Sources */,
				D616112B25E3305E00A7CB3D /* AppDelegate.swift in Sources */,
				D616112D25E3305E00A7CB3D /* SceneDelegate.swift in Sources */,
			);
			runOnlyForDeploymentPostprocessing = 0;
		};
/* End PBXSourcesBuildPhase section */

/* Begin PBXVariantGroup section */
		D616113025E3305E00A7CB3D /* Main.storyboard */ = {
			isa = PBXVariantGroup;
			children = (
				D616113125E3305E00A7CB3D /* Base */,
			);
			name = Main.storyboard;
			sourceTree = "<group>";
		};
		D616113525E3305E00A7CB3D /* LaunchScreen.storyboard */ = {
			isa = PBXVariantGroup;
			children = (
				D616113625E3305E00A7CB3D /* Base */,
			);
			name = LaunchScreen.storyboard;
			sourceTree = "<group>";
		};
/* End PBXVariantGroup section */

/* Begin XCBuildConfiguration section */
		D616113925E3305E00A7CB3D /* Debug */ = {
			isa = XCBuildConfiguration;
			buildSettings = {
				ALWAYS_SEARCH_USER_PATHS = NO;
				CLANG_ANALYZER_NONNULL = YES;
				CLANG_ANALYZER_NUMBER_OBJECT_CONVERSION = YES_AGGRESSIVE;
				CLANG_CXX_LANGUAGE_STANDARD = "gnu++14";
				CLANG_CXX_LIBRARY = "libc++";
				CLANG_ENABLE_MODULES = YES;
				CLANG_ENABLE_OBJC_ARC = YES;
				CLANG_ENABLE_OBJC_WEAK = YES;
				CLANG_WARN_BLOCK_CAPTURE_AUTORELEASING = YES;
				CLANG_WARN_BOOL_CONVERSION = YES;
				CLANG_WARN_COMMA = YES;
				CLANG_WARN_CONSTANT_CONVERSION = YES;
				CLANG_WARN_DEPRECATED_OBJC_IMPLEMENTATIONS = YES;
				CLANG_WARN_DIRECT_OBJC_ISA_USAGE = YES_ERROR;
				CLANG_WARN_DOCUMENTATION_COMMENTS = YES;
				CLANG_WARN_EMPTY_BODY = YES;
				CLANG_WARN_ENUM_CONVERSION = YES;
				CLANG_WARN_INFINITE_RECURSION = YES;
				CLANG_WARN_INT_CONVERSION = YES;
				CLANG_WARN_NON_LITERAL_NULL_CONVERSION = YES;
				CLANG_WARN_OBJC_IMPLICIT_RETAIN_SELF = YES;
				CLANG_WARN_OBJC_LITERAL_CONVERSION = YES;
				CLANG_WARN_OBJC_ROOT_CLASS = YES_ERROR;
				CLANG_WARN_QUOTED_INCLUDE_IN_FRAMEWORK_HEADER = YES;
				CLANG_WARN_RANGE_LOOP_ANALYSIS = YES;
				CLANG_WARN_STRICT_PROTOTYPES = YES;
				CLANG_WARN_SUSPICIOUS_MOVE = YES;
				CLANG_WARN_UNGUARDED_AVAILABILITY = YES_AGGRESSIVE;
				CLANG_WARN_UNREACHABLE_CODE = YES;
				CLANG_WARN__DUPLICATE_METHOD_MATCH = YES;
				COPY_PHASE_STRIP = NO;
				DEBUG_INFORMATION_FORMAT = dwarf;
				ENABLE_STRICT_OBJC_MSGSEND = YES;
				ENABLE_TESTABILITY = YES;
				GCC_C_LANGUAGE_STANDARD = gnu11;
				GCC_DYNAMIC_NO_PIC = NO;
				GCC_NO_COMMON_BLOCKS = YES;
				GCC_OPTIMIZATION_LEVEL = 0;
				GCC_PREPROCESSOR_DEFINITIONS = (
					"DEBUG=1",
					"$(inherited)",
				);
				GCC_WARN_64_TO_32_BIT_CONVERSION = YES;
				GCC_WARN_ABOUT_RETURN_TYPE = YES_ERROR;
				GCC_WARN_UNDECLARED_SELECTOR = YES;
				GCC_WARN_UNINITIALIZED_AUTOS = YES_AGGRESSIVE;
				GCC_WARN_UNUSED_FUNCTION = YES;
				GCC_WARN_UNUSED_VARIABLE = YES;
				IPHONEOS_DEPLOYMENT_TARGET = 14.4;
				MTL_ENABLE_DEBUG_INFO = INCLUDE_SOURCE;
				MTL_FAST_MATH = YES;
				ONLY_ACTIVE_ARCH = YES;
				SDKROOT = iphoneos;
				SWIFT_ACTIVE_COMPILATION_CONDITIONS = DEBUG;
				SWIFT_OPTIMIZATION_LEVEL = "-Onone";
			};
			name = Debug;
		};
		D616113A25E3305E00A7CB3D /* Release */ = {
			isa = XCBuildConfiguration;
			buildSettings = {
				ALWAYS_SEARCH_USER_PATHS = NO;
				CLANG_ANALYZER_NONNULL = YES;
				CLANG_ANALYZER_NUMBER_OBJECT_CONVERSION = YES_AGGRESSIVE;
				CLANG_CXX_LANGUAGE_STANDARD = "gnu++14";
				CLANG_CXX_LIBRARY = "libc++";
				CLANG_ENABLE_MODULES = YES;
				CLANG_ENABLE_OBJC_ARC = YES;
				CLANG_ENABLE_OBJC_WEAK = YES;
				CLANG_WARN_BLOCK_CAPTURE_AUTORELEASING = YES;
				CLANG_WARN_BOOL_CONVERSION = YES;
				CLANG_WARN_COMMA = YES;
				CLANG_WARN_CONSTANT_CONVERSION = YES;
				CLANG_WARN_DEPRECATED_OBJC_IMPLEMENTATIONS = YES;
				CLANG_WARN_DIRECT_OBJC_ISA_USAGE = YES_ERROR;
				CLANG_WARN_DOCUMENTATION_COMMENTS = YES;
				CLANG_WARN_EMPTY_BODY = YES;
				CLANG_WARN_ENUM_CONVERSION = YES;
				CLANG_WARN_INFINITE_RECURSION = YES;
				CLANG_WARN_INT_CONVERSION = YES;
				CLANG_WARN_NON_LITERAL_NULL_CONVERSION = YES;
				CLANG_WARN_OBJC_IMPLICIT_RETAIN_SELF = YES;
				CLANG_WARN_OBJC_LITERAL_CONVERSION = YES;
				CLANG_WARN_OBJC_ROOT_CLASS = YES_ERROR;
				CLANG_WARN_QUOTED_INCLUDE_IN_FRAMEWORK_HEADER = YES;
				CLANG_WARN_RANGE_LOOP_ANALYSIS = YES;
				CLANG_WARN_STRICT_PROTOTYPES = YES;
				CLANG_WARN_SUSPICIOUS_MOVE = YES;
				CLANG_WARN_UNGUARDED_AVAILABILITY = YES_AGGRESSIVE;
				CLANG_WARN_UNREACHABLE_CODE = YES;
				CLANG_WARN__DUPLICATE_METHOD_MATCH = YES;
				COPY_PHASE_STRIP = NO;
				DEBUG_INFORMATION_FORMAT = "dwarf-with-dsym";
				ENABLE_NS_ASSERTIONS = NO;
				ENABLE_STRICT_OBJC_MSGSEND = YES;
				GCC_C_LANGUAGE_STANDARD = gnu11;
				GCC_NO_COMMON_BLOCKS = YES;
				GCC_WARN_64_TO_32_BIT_CONVERSION = YES;
				GCC_WARN_ABOUT_RETURN_TYPE = YES_ERROR;
				GCC_WARN_UNDECLARED_SELECTOR = YES;
				GCC_WARN_UNINITIALIZED_AUTOS = YES_AGGRESSIVE;
				GCC_WARN_UNUSED_FUNCTION = YES;
				GCC_WARN_UNUSED_VARIABLE = YES;
				IPHONEOS_DEPLOYMENT_TARGET = 14.4;
				MTL_ENABLE_DEBUG_INFO = NO;
				MTL_FAST_MATH = YES;
				SDKROOT = iphoneos;
				SWIFT_COMPILATION_MODE = wholemodule;
				SWIFT_OPTIMIZATION_LEVEL = "-O";
				VALIDATE_PRODUCT = YES;
			};
			name = Release;
		};
		D616113C25E3305E00A7CB3D /* Debug */ = {
			isa = XCBuildConfiguration;
			baseConfigurationReference = C20EB73645316253A8C9EF88 /* Pods-testCollectionKit.debug.xcconfig */;
			buildSettings = {
				ASSETCATALOG_COMPILER_APPICON_NAME = AppIcon;
				ASSETCATALOG_COMPILER_GLOBAL_ACCENT_COLOR_NAME = AccentColor;
				CODE_SIGN_STYLE = Automatic;
				DEVELOPMENT_TEAM = 9GZYHL8TWB;
				INFOPLIST_FILE = testCollectionKit/Info.plist;
				LD_RUNPATH_SEARCH_PATHS = (
					"$(inherited)",
					"@executable_path/Frameworks",
				);
				PRODUCT_BUNDLE_IDENTIFIER = com.xyztech.testCollectionKit;
				PRODUCT_NAME = "$(TARGET_NAME)";
				SWIFT_VERSION = 5.0;
				TARGETED_DEVICE_FAMILY = "1,2";
			};
			name = Debug;
		};
		D616113D25E3305E00A7CB3D /* Release */ = {
			isa = XCBuildConfiguration;
			baseConfigurationReference = 2109C72DA563E23A7721C1F9 /* Pods-testCollectionKit.release.xcconfig */;
			buildSettings = {
				ASSETCATALOG_COMPILER_APPICON_NAME = AppIcon;
				ASSETCATALOG_COMPILER_GLOBAL_ACCENT_COLOR_NAME = AccentColor;
				CODE_SIGN_STYLE = Automatic;
				DEVELOPMENT_TEAM = 9GZYHL8TWB;
				INFOPLIST_FILE = testCollectionKit/Info.plist;
				LD_RUNPATH_SEARCH_PATHS = (
					"$(inherited)",
					"@executable_path/Frameworks",
				);
				PRODUCT_BUNDLE_IDENTIFIER = com.xyztech.testCollectionKit;
				PRODUCT_NAME = "$(TARGET_NAME)";
				SWIFT_VERSION = 5.0;
				TARGETED_DEVICE_FAMILY = "1,2";
			};
			name = Release;
		};
/* End XCBuildConfiguration section */

/* Begin XCConfigurationList section */
		D616112225E3305E00A7CB3D /* Build configuration list for PBXProject "testCollectionKit" */ = {
			isa = XCConfigurationList;
			buildConfigurations = (
				D616113925E3305E00A7CB3D /* Debug */,
				D616113A25E3305E00A7CB3D /* Release */,
			);
			defaultConfigurationIsVisible = 0;
			defaultConfigurationName = Release;
		};
		D616113B25E3305E00A7CB3D /* Build configuration list for PBXNativeTarget "testCollectionKit" */ = {
			isa = XCConfigurationList;
			buildConfigurations = (
				D616113C25E3305E00A7CB3D /* Debug */,
				D616113D25E3305E00A7CB3D /* Release */,
			);
			defaultConfigurationIsVisible = 0;
			defaultConfigurationName = Release;
		};
/* End XCConfigurationList section */
	};
	rootObject = D616111F25E3305E00A7CB3D /* Project object */;
}
