PODS:
  - CollectionKit (2.4.0):
    - CollectionKit/Core (= 2.4.0)
  - CollectionKit/Core (2.4.0)

DEPENDENCIES:
  - CollectionKit

SPEC REPOS:
  trunk:
    - CollectionKit

SPEC CHECKSUMS:
  CollectionKit: 8f01e7629185bb81072c4aa734d105df5c2d1c8b

PODFILE CHECKSUM: e0d13e34929cea0c285300385fae9f400ee354fe

COCOAPODS: 1.10.1
